// !$*UTF8*$!
{
	archiveVersion = 1;
	classes = {
	};
	objectVersion = 46;
	objects = {

/* Begin PBXBuildFile section */
		18CEDCA71D0F0C570064ACA2 /* 1621156_CSC101_1_Assignment18.cpp in Sources */ = {isa = PBXBuildFile; fileRef = 18CEDCA61D0F0C570064ACA2 /* 1621156_CSC101_1_Assignment18.cpp */; };
/* End PBXBuildFile section */

/* Begin PBXCopyFilesBuildPhase section */
		18CEDCA11D0F0C570064ACA2 /* CopyFiles */ = {
			isa = PBXCopyFilesBuildPhase;
			buildActionMask = 2147483647;
			dstPath = /usr/share/man/man1/;
			dstSubfolderSpec = 0;
			files = (
			);
			runOnlyForDeploymentPostprocessing = 1;
		};
/* End PBXCopyFilesBuildPhase section */

/* Begin PBXFileReference section */
		18CEDCA31D0F0C570064ACA2 /* 1621156_CSC101_1_Assignment18 */ = {isa = PBXFileReference; explicitFileType = "compiled.mach-o.executable"; includeInIndex = 0; path = 1621156_CSC101_1_Assignment18; sourceTree = BUILT_PRODUCTS_DIR; };
		18CEDCA61D0F0C570064ACA2 /* 1621156_CSC101_1_Assignment18.cpp */ = {isa = PBXFileReference; lastKnownFileType = sourcecode.cpp.cpp; path = 1621156_CSC101_1_Assignment18.cpp; sourceTree = "<group>"; };
/* End PBXFileReference section */

/* Begin PBXFrameworksBuildPhase section */
		18CEDCA01D0F0C570064ACA2 /* Frameworks */ = {
			isa = PBXFrameworksBuildPhase;
			buildActionMask = 2147483647;
			files = (
			);
			runOnlyForDeploymentPostprocessing = 0;
		};
/* End PBXFrameworksBuildPhase section */

/* Begin PBXGroup section */
		18CEDC9A1D0F0C570064ACA2 = {
			isa = PBXGroup;
			children = (
				18CEDCA51D0F0C570064ACA2 /* 1621156_CSC101_1_Assignment18 */,
				18CEDCA41D0F0C570064ACA2 /* Products */,
			);
			sourceTree = "<group>";
		};
		18CEDCA41D0F0C570064ACA2 /* Products */ = {
			isa = PBXGroup;
			children = (
				18CEDCA31D0F0C570064ACA2 /* 1621156_CSC101_1_Assignment18 */,
			);
			name = Products;
			sourceTree = "<group>";
		};
		18CEDCA51D0F0C570064ACA2 /* 1621156_CSC101_1_Assignment18 */ = {
			isa = PBXGroup;
			children = (
				18CEDCA61D0F0C570064ACA2 /* 1621156_CSC101_1_Assignment18.cpp */,
			);
			path = 1621156_CSC101_1_Assignment18;
			sourceTree = "<group>";
		};
/* End PBXGroup section */

/* Begin PBXNativeTarget section */
		18CEDCA21D0F0C570064ACA2 /* 1621156_CSC101_1_Assignment18 */ = {
			isa = PBXNativeTarget;
			buildConfigurationList = 18CEDCAA1D0F0C570064ACA2 /* Build configuration list for PBXNativeTarget "1621156_CSC101_1_Assignment18" */;
			buildPhases = (
				18CEDC9F1D0F0C570064ACA2 /* Sources */,
				18CEDCA01D0F0C570064ACA2 /* Frameworks */,
				18CEDCA11D0F0C570064ACA2 /* CopyFiles */,
			);
			buildRules = (
			);
			dependencies = (
			);
			name = 1621156_CSC101_1_Assignment18;
			productName = 1621156_CSC101_1_Assignment18;
			productReference = 18CEDCA31D0F0C570064ACA2 /* 1621156_CSC101_1_Assignment18 */;
			productType = "com.apple.product-type.tool";
		};
/* End PBXNativeTarget section */

/* Begin PBXProject section */
		18CEDC9B1D0F0C570064ACA2 /* Project object */ = {
			isa = PBXProject;
			attributes = {
				LastUpgradeCheck = 0730;
				ORGANIZATIONNAME = "Ratul's Mac";
				TargetAttributes = {
					18CEDCA21D0F0C570064ACA2 = {
						CreatedOnToolsVersion = 7.3.1;
					};
				};
			};
			buildConfigurationList = 18CEDC9E1D0F0C570064ACA2 /* Build configuration list for PBXProject "1621156_CSC101_1_Assignment18" */;
			compatibilityVersion = "Xcode 3.2";
			developmentRegion = English;
			hasScannedForEncodings = 0;
			knownRegions = (
				en,
			);
			mainGroup = 18CEDC9A1D0F0C570064ACA2;
			productRefGroup = 18CEDCA41D0F0C570064ACA2 /* Products */;
			projectDirPath = "";
			projectRoot = "";
			targets = (
				18CEDCA21D0F0C570064ACA2 /* 1621156_CSC101_1_Assignment18 */,
			);
		};
/* End PBXProject section */

/* Begin PBXSourcesBuildPhase section */
		18CEDC9F1D0F0C570064ACA2 /* Sources */ = {
			isa = PBXSourcesBuildPhase;
			buildActionMask = 2147483647;
			files = (
				18CEDCA71D0F0C570064ACA2 /* 1621156_CSC101_1_Assignment18.cpp in Sources */,
			);
			runOnlyForDeploymentPostprocessing = 0;
		};
/* End PBXSourcesBuildPhase section */

/* Begin XCBuildConfiguration section */
		18CEDCA81D0F0C570064ACA2 /* Debug */ = {
			isa = XCBuildConfiguration;
			buildSettings = {
				ALWAYS_SEARCH_USER_PATHS = NO;
				CLANG_ANALYZER_NONNULL = YES;
				CLANG_CXX_LANGUAGE_STANDARD = "gnu++0x";
				CLANG_CXX_LIBRARY = "libc++";
				CLANG_ENABLE_MODULES = YES;
				CLANG_ENABLE_OBJC_ARC = YES;
				CLANG_WARN_BOOL_CONVERSION = YES;
				CLANG_WARN_CONSTANT_CONVERSION = YES;
				CLANG_WARN_DIRECT_OBJC_ISA_USAGE = YES_ERROR;
				CLANG_WARN_EMPTY_BODY = YES;
				CLANG_WARN_ENUM_CONVERSION = YES;
				CLANG_WARN_INT_CONVERSION = YES;
				CLANG_WARN_OBJC_ROOT_CLASS = YES_ERROR;
				CLANG_WARN_UNREACHABLE_CODE = YES;
				CLANG_WARN__DUPLICATE_METHOD_MATCH = YES;
				CODE_SIGN_IDENTITY = "-";
				COPY_PHASE_STRIP = NO;
				DEBUG_INFORMATION_FORMAT = dwarf;
				ENABLE_STRICT_OBJC_MSGSEND = YES;
				ENABLE_TESTABILITY = YES;
				GCC_C_LANGUAGE_STANDARD = gnu99;
				GCC_DYNAMIC_NO_PIC = NO;
				GCC_NO_COMMON_BLOCKS = YES;
				GCC_OPTIMIZATION_LEVEL = 0;
				GCC_PREPROCESSOR_DEFINITIONS = (
					"DEBUG=1",
					"$(inherited)",
				);
				GCC_WARN_64_TO_32_BIT_CONVERSION = YES;
				GCC_WARN_ABOUT_RETURN_TYPE = YES_ERROR;
				GCC_WARN_UNDECLARED_SELECTOR = YES;
				GCC_WARN_UNINITIALIZED_AUTOS = YES_AGGRESSIVE;
				GCC_WARN_UNUSED_FUNCTION = YES;
				GCC_WARN_UNUSED_VARIABLE = YES;
				MACOSX_DEPLOYMENT_TARGET = 10.11;
				MTL_ENABLE_DEBUG_INFO = YES;
				ONLY_ACTIVE_ARCH = YES;
				SDKROOT = macosx;
			};
			name = Debug;
		};
		18CEDCA91D0F0C570064ACA2 /* Release */ = {
			isa = XCBuildConfiguration;
			buildSettings = {
				ALWAYS_SEARCH_USER_PATHS = NO;
				CLANG_ANALYZER_NONNULL = YES;
				CLANG_CXX_LANGUAGE_STANDARD = "gnu++0x";
				CLANG_CXX_LIBRARY = "libc++";
				CLANG_ENABLE_MODULES = YES;
				CLANG_ENABLE_OBJC_ARC = YES;
				CLANG_WARN_BOOL_CONVERSION = YES;
				CLANG_WARN_CONSTANT_CONVERSION = YES;
				CLANG_WARN_DIRECT_OBJC_ISA_USAGE = YES_ERROR;
				CLANG_WARN_EMPTY_BODY = YES;
				CLANG_WARN_ENUM_CONVERSION = YES;
				CLANG_WARN_INT_CONVERSION = YES;
				CLANG_WARN_OBJC_ROOT_CLASS = YES_ERROR;
				CLANG_WARN_UNREACHABLE_CODE = YES;
				CLANG_WARN__DUPLICATE_METHOD_MATCH = YES;
				CODE_SIGN_IDENTITY = "-";
				COPY_PHASE_STRIP = NO;
				DEBUG_INFORMATION_FORMAT = "dwarf-with-dsym";
				ENABLE_NS_ASSERTIONS = NO;
				ENABLE_STRICT_OBJC_MSGSEND = YES;
				GCC_C_LANGUAGE_STANDARD = gnu99;
				GCC_NO_COMMON_BLOCKS = YES;
				GCC_WARN_64_TO_32_BIT_CONVERSION = YES;
				GCC_WARN_ABOUT_RETURN_TYPE = YES_ERROR;
				GCC_WARN_UNDECLARED_SELECTOR = YES;
				GCC_WARN_UNINITIALIZED_AUTOS = YES_AGGRESSIVE;
				GCC_WARN_UNUSED_FUNCTION = YES;
				GCC_WARN_UNUSED_VARIABLE = YES;
				MACOSX_DEPLOYMENT_TARGET = 10.11;
				MTL_ENABLE_DEBUG_INFO = NO;
				SDKROOT = macosx;
			};
			name = Release;
		};
		18CEDCAB1D0F0C570064ACA2 /* Debug */ = {
			isa = XCBuildConfiguration;
			buildSettings = {
				PRODUCT_NAME = "$(TARGET_NAME)";
			};
			name = Debug;
		};
		18CEDCAC1D0F0C570064ACA2 /* Release */ = {
			isa = XCBuildConfiguration;
			buildSettings = {
				PRODUCT_NAME = "$(TARGET_NAME)";
			};
			name = Release;
		};
/* End XCBuildConfiguration section */

/* Begin XCConfigurationList section */
		18CEDC9E1D0F0C570064ACA2 /* Build configuration list for PBXProject "1621156_CSC101_1_Assignment18" */ = {
			isa = XCConfigurationList;
			buildConfigurations = (
				18CEDCA81D0F0C570064ACA2 /* Debug */,
				18CEDCA91D0F0C570064ACA2 /* Release */,
			);
			defaultConfigurationIsVisible = 0;
			defaultConfigurationName = Release;
		};
		18CEDCAA1D0F0C570064ACA2 /* Build configuration list for PBXNativeTarget "1621156_CSC101_1_Assignment18" */ = {
			isa = XCConfigurationList;
			buildConfigurations = (
				18CEDCAB1D0F0C570064ACA2 /* Debug */,
				18CEDCAC1D0F0C570064ACA2 /* Release */,
			);
			defaultConfigurationIsVisible = 0;
		};
/* End XCConfigurationList section */
	};
	rootObject = 18CEDC9B1D0F0C570064ACA2 /* Project object */;
}
