// !$*UTF8*$!
{
	archiveVersion = 1;
	classes = {
	};
	objectVersion = 46;
	objects = {

/* Begin PBXBuildFile section */
		185D58E31D19B2B000C0B8F3 /* main.cpp in Sources */ = {isa = PBXBuildFile; fileRef = 185D58E21D19B2B000C0B8F3 /* main.cpp */; };
/* End PBXBuildFile section */

/* Begin PBXCopyFilesBuildPhase section */
		185D58DD1D19B2B000C0B8F3 /* CopyFiles */ = {
			isa = PBXCopyFilesBuildPhase;
			buildActionMask = 2147483647;
			dstPath = /usr/share/man/man1/;
			dstSubfolderSpec = 0;
			files = (
			);
			runOnlyForDeploymentPostprocessing = 1;
		};
/* End PBXCopyFilesBuildPhase section */

/* Begin PBXFileReference section */
		185D58DF1D19B2B000C0B8F3 /* CPP Functions */ = {isa = PBXFileReference; explicitFileType = "compiled.mach-o.executable"; includeInIndex = 0; path = "CPP Functions"; sourceTree = BUILT_PRODUCTS_DIR; };
		185D58E21D19B2B000C0B8F3 /* main.cpp */ = {isa = PBXFileReference; lastKnownFileType = sourcecode.cpp.cpp; path = main.cpp; sourceTree = "<group>"; };
/* End PBXFileReference section */

/* Begin PBXFrameworksBuildPhase section */
		185D58DC1D19B2B000C0B8F3 /* Frameworks */ = {
			isa = PBXFrameworksBuildPhase;
			buildActionMask = 2147483647;
			files = (
			);
			runOnlyForDeploymentPostprocessing = 0;
		};
/* End PBXFrameworksBuildPhase section */

/* Begin PBXGroup section */
		185D58D61D19B2B000C0B8F3 = {
			isa = PBXGroup;
			children = (
				185D58E11D19B2B000C0B8F3 /* CPP Functions */,
				185D58E01D19B2B000C0B8F3 /* Products */,
			);
			sourceTree = "<group>";
		};
		185D58E01D19B2B000C0B8F3 /* Products */ = {
			isa = PBXGroup;
			children = (
				185D58DF1D19B2B000C0B8F3 /* CPP Functions */,
			);
			name = Products;
			sourceTree = "<group>";
		};
		185D58E11D19B2B000C0B8F3 /* CPP Functions */ = {
			isa = PBXGroup;
			children = (
				185D58E21D19B2B000C0B8F3 /* main.cpp */,
			);
			path = "CPP Functions";
			sourceTree = "<group>";
		};
/* End PBXGroup section */

/* Begin PBXNativeTarget section */
		185D58DE1D19B2B000C0B8F3 /* CPP Functions */ = {
			isa = PBXNativeTarget;
			buildConfigurationList = 185D58E61D19B2B000C0B8F3 /* Build configuration list for PBXNativeTarget "CPP Functions" */;
			buildPhases = (
				185D58DB1D19B2B000C0B8F3 /* Sources */,
				185D58DC1D19B2B000C0B8F3 /* Frameworks */,
				185D58DD1D19B2B000C0B8F3 /* CopyFiles */,
			);
			buildRules = (
			);
			dependencies = (
			);
			name = "CPP Functions";
			productName = "CPP Functions";
			productReference = 185D58DF1D19B2B000C0B8F3 /* CPP Functions */;
			productType = "com.apple.product-type.tool";
		};
/* End PBXNativeTarget section */

/* Begin PBXProject section */
		185D58D71D19B2B000C0B8F3 /* Project object */ = {
			isa = PBXProject;
			attributes = {
				LastUpgradeCheck = 0730;
				ORGANIZATIONNAME = "Ratul's Mac";
				TargetAttributes = {
					185D58DE1D19B2B000C0B8F3 = {
						CreatedOnToolsVersion = 7.3.1;
					};
				};
			};
			buildConfigurationList = 185D58DA1D19B2B000C0B8F3 /* Build configuration list for PBXProject "CPP Functions" */;
			compatibilityVersion = "Xcode 3.2";
			developmentRegion = English;
			hasScannedForEncodings = 0;
			knownRegions = (
				en,
			);
			mainGroup = 185D58D61D19B2B000C0B8F3;
			productRefGroup = 185D58E01D19B2B000C0B8F3 /* Products */;
			projectDirPath = "";
			projectRoot = "";
			targets = (
				185D58DE1D19B2B000C0B8F3 /* CPP Functions */,
			);
		};
/* End PBXProject section */

/* Begin PBXSourcesBuildPhase section */
		185D58DB1D19B2B000C0B8F3 /* Sources */ = {
			isa = PBXSourcesBuildPhase;
			buildActionMask = 2147483647;
			files = (
				185D58E31D19B2B000C0B8F3 /* main.cpp in Sources */,
			);
			runOnlyForDeploymentPostprocessing = 0;
		};
/* End PBXSourcesBuildPhase section */

/* Begin XCBuildConfiguration section */
		185D58E41D19B2B000C0B8F3 /* Debug */ = {
			isa = XCBuildConfiguration;
			buildSettings = {
				ALWAYS_SEARCH_USER_PATHS = NO;
				CLANG_ANALYZER_NONNULL = YES;
				CLANG_CXX_LANGUAGE_STANDARD = "gnu++0x";
				CLANG_CXX_LIBRARY = "libc++";
				CLANG_ENABLE_MODULES = YES;
				CLANG_ENABLE_OBJC_ARC = YES;
				CLANG_WARN_BOOL_CONVERSION = YES;
				CLANG_WARN_CONSTANT_CONVERSION = YES;
				CLANG_WARN_DIRECT_OBJC_ISA_USAGE = YES_ERROR;
				CLANG_WARN_EMPTY_BODY = YES;
				CLANG_WARN_ENUM_CONVERSION = YES;
				CLANG_WARN_INT_CONVERSION = YES;
				CLANG_WARN_OBJC_ROOT_CLASS = YES_ERROR;
				CLANG_WARN_UNREACHABLE_CODE = YES;
				CLANG_WARN__DUPLICATE_METHOD_MATCH = YES;
				CODE_SIGN_IDENTITY = "-";
				COPY_PHASE_STRIP = NO;
				DEBUG_INFORMATION_FORMAT = dwarf;
				ENABLE_STRICT_OBJC_MSGSEND = YES;
				ENABLE_TESTABILITY = YES;
				GCC_C_LANGUAGE_STANDARD = gnu99;
				GCC_DYNAMIC_NO_PIC = NO;
				GCC_NO_COMMON_BLOCKS = YES;
				GCC_OPTIMIZATION_LEVEL = 0;
				GCC_PREPROCESSOR_DEFINITIONS = (
					"DEBUG=1",
					"$(inherited)",
				);
				GCC_WARN_64_TO_32_BIT_CONVERSION = YES;
				GCC_WARN_ABOUT_RETURN_TYPE = YES_ERROR;
				GCC_WARN_UNDECLARED_SELECTOR = YES;
				GCC_WARN_UNINITIALIZED_AUTOS = YES_AGGRESSIVE;
				GCC_WARN_UNUSED_FUNCTION = YES;
				GCC_WARN_UNUSED_VARIABLE = YES;
				MACOSX_DEPLOYMENT_TARGET = 10.11;
				MTL_ENABLE_DEBUG_INFO = YES;
				ONLY_ACTIVE_ARCH = YES;
				SDKROOT = macosx;
			};
			name = Debug;
		};
		185D58E51D19B2B000C0B8F3 /* Release */ = {
			isa = XCBuildConfiguration;
			buildSettings = {
				ALWAYS_SEARCH_USER_PATHS = NO;
				CLANG_ANALYZER_NONNULL = YES;
				CLANG_CXX_LANGUAGE_STANDARD = "gnu++0x";
				CLANG_CXX_LIBRARY = "libc++";
				CLANG_ENABLE_MODULES = YES;
				CLANG_ENABLE_OBJC_ARC = YES;
				CLANG_WARN_BOOL_CONVERSION = YES;
				CLANG_WARN_CONSTANT_CONVERSION = YES;
				CLANG_WARN_DIRECT_OBJC_ISA_USAGE = YES_ERROR;
				CLANG_WARN_EMPTY_BODY = YES;
				CLANG_WARN_ENUM_CONVERSION = YES;
				CLANG_WARN_INT_CONVERSION = YES;
				CLANG_WARN_OBJC_ROOT_CLASS = YES_ERROR;
				CLANG_WARN_UNREACHABLE_CODE = YES;
				CLANG_WARN__DUPLICATE_METHOD_MATCH = YES;
				CODE_SIGN_IDENTITY = "-";
				COPY_PHASE_STRIP = NO;
				DEBUG_INFORMATION_FORMAT = "dwarf-with-dsym";
				ENABLE_NS_ASSERTIONS = NO;
				ENABLE_STRICT_OBJC_MSGSEND = YES;
				GCC_C_LANGUAGE_STANDARD = gnu99;
				GCC_NO_COMMON_BLOCKS = YES;
				GCC_WARN_64_TO_32_BIT_CONVERSION = YES;
				GCC_WARN_ABOUT_RETURN_TYPE = YES_ERROR;
				GCC_WARN_UNDECLARED_SELECTOR = YES;
				GCC_WARN_UNINITIALIZED_AUTOS = YES_AGGRESSIVE;
				GCC_WARN_UNUSED_FUNCTION = YES;
				GCC_WARN_UNUSED_VARIABLE = YES;
				MACOSX_DEPLOYMENT_TARGET = 10.11;
				MTL_ENABLE_DEBUG_INFO = NO;
				SDKROOT = macosx;
			};
			name = Release;
		};
		185D58E71D19B2B000C0B8F3 /* Debug */ = {
			isa = XCBuildConfiguration;
			buildSettings = {
				PRODUCT_NAME = "$(TARGET_NAME)";
			};
			name = Debug;
		};
		185D58E81D19B2B000C0B8F3 /* Release */ = {
			isa = XCBuildConfiguration;
			buildSettings = {
				PRODUCT_NAME = "$(TARGET_NAME)";
			};
			name = Release;
		};
/* End XCBuildConfiguration section */

/* Begin XCConfigurationList section */
		185D58DA1D19B2B000C0B8F3 /* Build configuration list for PBXProject "CPP Functions" */ = {
			isa = XCConfigurationList;
			buildConfigurations = (
				185D58E41D19B2B000C0B8F3 /* Debug */,
				185D58E51D19B2B000C0B8F3 /* Release */,
			);
			defaultConfigurationIsVisible = 0;
			defaultConfigurationName = Release;
		};
		185D58E61D19B2B000C0B8F3 /* Build configuration list for PBXNativeTarget "CPP Functions" */ = {
			isa = XCConfigurationList;
			buildConfigurations = (
				185D58E71D19B2B000C0B8F3 /* Debug */,
				185D58E81D19B2B000C0B8F3 /* Release */,
			);
			defaultConfigurationIsVisible = 0;
		};
/* End XCConfigurationList section */
	};
	rootObject = 185D58D71D19B2B000C0B8F3 /* Project object */;
}
