// !$*UTF8*$!
{
	archiveVersion = 1;
	classes = {
	};
	objectVersion = 46;
	objects = {

/* Begin PBXBuildFile section */
		18B950F51D1AC6C7007ECB61 /* 1621176_CSC101_1_Assignment22.cpp in Sources */ = {isa = PBXBuildFile; fileRef = 18B950F41D1AC6C7007ECB61 /* 1621176_CSC101_1_Assignment22.cpp */; };
/* End PBXBuildFile section */

/* Begin PBXCopyFilesBuildPhase section */
		18B950EF1D1AC6C7007ECB61 /* CopyFiles */ = {
			isa = PBXCopyFilesBuildPhase;
			buildActionMask = 2147483647;
			dstPath = /usr/share/man/man1/;
			dstSubfolderSpec = 0;
			files = (
			);
			runOnlyForDeploymentPostprocessing = 1;
		};
/* End PBXCopyFilesBuildPhase section */

/* Begin PBXFileReference section */
		18B950F11D1AC6C7007ECB61 /* 1621176_CSC101_1_Assignment22 */ = {isa = PBXFileReference; explicitFileType = "compiled.mach-o.executable"; includeInIndex = 0; path = 1621176_CSC101_1_Assignment22; sourceTree = BUILT_PRODUCTS_DIR; };
		18B950F41D1AC6C7007ECB61 /* 1621176_CSC101_1_Assignment22.cpp */ = {isa = PBXFileReference; lastKnownFileType = sourcecode.cpp.cpp; path = 1621176_CSC101_1_Assignment22.cpp; sourceTree = "<group>"; };
/* End PBXFileReference section */

/* Begin PBXFrameworksBuildPhase section */
		18B950EE1D1AC6C7007ECB61 /* Frameworks */ = {
			isa = PBXFrameworksBuildPhase;
			buildActionMask = 2147483647;
			files = (
			);
			runOnlyForDeploymentPostprocessing = 0;
		};
/* End PBXFrameworksBuildPhase section */

/* Begin PBXGroup section */
		18B950E81D1AC6C7007ECB61 = {
			isa = PBXGroup;
			children = (
				18B950F31D1AC6C7007ECB61 /* 1621176_CSC101_1_Assignment22 */,
				18B950F21D1AC6C7007ECB61 /* Products */,
			);
			sourceTree = "<group>";
		};
		18B950F21D1AC6C7007ECB61 /* Products */ = {
			isa = PBXGroup;
			children = (
				18B950F11D1AC6C7007ECB61 /* 1621176_CSC101_1_Assignment22 */,
			);
			name = Products;
			sourceTree = "<group>";
		};
		18B950F31D1AC6C7007ECB61 /* 1621176_CSC101_1_Assignment22 */ = {
			isa = PBXGroup;
			children = (
				18B950F41D1AC6C7007ECB61 /* 1621176_CSC101_1_Assignment22.cpp */,
			);
			path = 1621176_CSC101_1_Assignment22;
			sourceTree = "<group>";
		};
/* End PBXGroup section */

/* Begin PBXNativeTarget section */
		18B950F01D1AC6C7007ECB61 /* 1621176_CSC101_1_Assignment22 */ = {
			isa = PBXNativeTarget;
			buildConfigurationList = 18B950F81D1AC6C7007ECB61 /* Build configuration list for PBXNativeTarget "1621176_CSC101_1_Assignment22" */;
			buildPhases = (
				18B950ED1D1AC6C7007ECB61 /* Sources */,
				18B950EE1D1AC6C7007ECB61 /* Frameworks */,
				18B950EF1D1AC6C7007ECB61 /* CopyFiles */,
			);
			buildRules = (
			);
			dependencies = (
			);
			name = 1621176_CSC101_1_Assignment22;
			productName = 1621176_CSC101_1_Assignment22;
			productReference = 18B950F11D1AC6C7007ECB61 /* 1621176_CSC101_1_Assignment22 */;
			productType = "com.apple.product-type.tool";
		};
/* End PBXNativeTarget section */

/* Begin PBXProject section */
		18B950E91D1AC6C7007ECB61 /* Project object */ = {
			isa = PBXProject;
			attributes = {
				LastUpgradeCheck = 0730;
				ORGANIZATIONNAME = "Ratul's Mac";
				TargetAttributes = {
					18B950F01D1AC6C7007ECB61 = {
						CreatedOnToolsVersion = 7.3.1;
					};
				};
			};
			buildConfigurationList = 18B950EC1D1AC6C7007ECB61 /* Build configuration list for PBXProject "1621176_CSC101_1_Assignment22" */;
			compatibilityVersion = "Xcode 3.2";
			developmentRegion = English;
			hasScannedForEncodings = 0;
			knownRegions = (
				en,
			);
			mainGroup = 18B950E81D1AC6C7007ECB61;
			productRefGroup = 18B950F21D1AC6C7007ECB61 /* Products */;
			projectDirPath = "";
			projectRoot = "";
			targets = (
				18B950F01D1AC6C7007ECB61 /* 1621176_CSC101_1_Assignment22 */,
			);
		};
/* End PBXProject section */

/* Begin PBXSourcesBuildPhase section */
		18B950ED1D1AC6C7007ECB61 /* Sources */ = {
			isa = PBXSourcesBuildPhase;
			buildActionMask = 2147483647;
			files = (
				18B950F51D1AC6C7007ECB61 /* 1621176_CSC101_1_Assignment22.cpp in Sources */,
			);
			runOnlyForDeploymentPostprocessing = 0;
		};
/* End PBXSourcesBuildPhase section */

/* Begin XCBuildConfiguration section */
		18B950F61D1AC6C7007ECB61 /* Debug */ = {
			isa = XCBuildConfiguration;
			buildSettings = {
				ALWAYS_SEARCH_USER_PATHS = NO;
				CLANG_ANALYZER_NONNULL = YES;
				CLANG_CXX_LANGUAGE_STANDARD = "gnu++0x";
				CLANG_CXX_LIBRARY = "libc++";
				CLANG_ENABLE_MODULES = YES;
				CLANG_ENABLE_OBJC_ARC = YES;
				CLANG_WARN_BOOL_CONVERSION = YES;
				CLANG_WARN_CONSTANT_CONVERSION = YES;
				CLANG_WARN_DIRECT_OBJC_ISA_USAGE = YES_ERROR;
				CLANG_WARN_EMPTY_BODY = YES;
				CLANG_WARN_ENUM_CONVERSION = YES;
				CLANG_WARN_INT_CONVERSION = YES;
				CLANG_WARN_OBJC_ROOT_CLASS = YES_ERROR;
				CLANG_WARN_UNREACHABLE_CODE = YES;
				CLANG_WARN__DUPLICATE_METHOD_MATCH = YES;
				CODE_SIGN_IDENTITY = "-";
				COPY_PHASE_STRIP = NO;
				DEBUG_INFORMATION_FORMAT = dwarf;
				ENABLE_STRICT_OBJC_MSGSEND = YES;
				ENABLE_TESTABILITY = YES;
				GCC_C_LANGUAGE_STANDARD = gnu99;
				GCC_DYNAMIC_NO_PIC = NO;
				GCC_NO_COMMON_BLOCKS = YES;
				GCC_OPTIMIZATION_LEVEL = 0;
				GCC_PREPROCESSOR_DEFINITIONS = (
					"DEBUG=1",
					"$(inherited)",
				);
				GCC_WARN_64_TO_32_BIT_CONVERSION = YES;
				GCC_WARN_ABOUT_RETURN_TYPE = YES_ERROR;
				GCC_WARN_UNDECLARED_SELECTOR = YES;
				GCC_WARN_UNINITIALIZED_AUTOS = YES_AGGRESSIVE;
				GCC_WARN_UNUSED_FUNCTION = YES;
				GCC_WARN_UNUSED_VARIABLE = YES;
				MACOSX_DEPLOYMENT_TARGET = 10.11;
				MTL_ENABLE_DEBUG_INFO = YES;
				ONLY_ACTIVE_ARCH = YES;
				SDKROOT = macosx;
			};
			name = Debug;
		};
		18B950F71D1AC6C7007ECB61 /* Release */ = {
			isa = XCBuildConfiguration;
			buildSettings = {
				ALWAYS_SEARCH_USER_PATHS = NO;
				CLANG_ANALYZER_NONNULL = YES;
				CLANG_CXX_LANGUAGE_STANDARD = "gnu++0x";
				CLANG_CXX_LIBRARY = "libc++";
				CLANG_ENABLE_MODULES = YES;
				CLANG_ENABLE_OBJC_ARC = YES;
				CLANG_WARN_BOOL_CONVERSION = YES;
				CLANG_WARN_CONSTANT_CONVERSION = YES;
				CLANG_WARN_DIRECT_OBJC_ISA_USAGE = YES_ERROR;
				CLANG_WARN_EMPTY_BODY = YES;
				CLANG_WARN_ENUM_CONVERSION = YES;
				CLANG_WARN_INT_CONVERSION = YES;
				CLANG_WARN_OBJC_ROOT_CLASS = YES_ERROR;
				CLANG_WARN_UNREACHABLE_CODE = YES;
				CLANG_WARN__DUPLICATE_METHOD_MATCH = YES;
				CODE_SIGN_IDENTITY = "-";
				COPY_PHASE_STRIP = NO;
				DEBUG_INFORMATION_FORMAT = "dwarf-with-dsym";
				ENABLE_NS_ASSERTIONS = NO;
				ENABLE_STRICT_OBJC_MSGSEND = YES;
				GCC_C_LANGUAGE_STANDARD = gnu99;
				GCC_NO_COMMON_BLOCKS = YES;
				GCC_WARN_64_TO_32_BIT_CONVERSION = YES;
				GCC_WARN_ABOUT_RETURN_TYPE = YES_ERROR;
				GCC_WARN_UNDECLARED_SELECTOR = YES;
				GCC_WARN_UNINITIALIZED_AUTOS = YES_AGGRESSIVE;
				GCC_WARN_UNUSED_FUNCTION = YES;
				GCC_WARN_UNUSED_VARIABLE = YES;
				MACOSX_DEPLOYMENT_TARGET = 10.11;
				MTL_ENABLE_DEBUG_INFO = NO;
				SDKROOT = macosx;
			};
			name = Release;
		};
		18B950F91D1AC6C7007ECB61 /* Debug */ = {
			isa = XCBuildConfiguration;
			buildSettings = {
				PRODUCT_NAME = "$(TARGET_NAME)";
			};
			name = Debug;
		};
		18B950FA1D1AC6C7007ECB61 /* Release */ = {
			isa = XCBuildConfiguration;
			buildSettings = {
				PRODUCT_NAME = "$(TARGET_NAME)";
			};
			name = Release;
		};
/* End XCBuildConfiguration section */

/* Begin XCConfigurationList section */
		18B950EC1D1AC6C7007ECB61 /* Build configuration list for PBXProject "1621176_CSC101_1_Assignment22" */ = {
			isa = XCConfigurationList;
			buildConfigurations = (
				18B950F61D1AC6C7007ECB61 /* Debug */,
				18B950F71D1AC6C7007ECB61 /* Release */,
			);
			defaultConfigurationIsVisible = 0;
			defaultConfigurationName = Release;
		};
		18B950F81D1AC6C7007ECB61 /* Build configuration list for PBXNativeTarget "1621176_CSC101_1_Assignment22" */ = {
			isa = XCConfigurationList;
			buildConfigurations = (
				18B950F91D1AC6C7007ECB61 /* Debug */,
				18B950FA1D1AC6C7007ECB61 /* Release */,
			);
			defaultConfigurationIsVisible = 0;
		};
/* End XCConfigurationList section */
	};
	rootObject = 18B950E91D1AC6C7007ECB61 /* Project object */;
}
